{
  "pins" : [
    {
      "identity" : "alamofire",
      "kind" : "remoteSourceControl",
      "location" : "https://github.com/Alamofire/Alamofire.git",
      "state" : {
        "revision" : "747c8db8d57b68d5e35275f10c92d55f982adbd4",
        "version" : "4.9.1"
      }
    },
    {
      "identity" : "bxinputcontroller",
      "kind" : "remoteSourceControl",
      "location" : "https://github.com/ByteriX/BxInputController.git",
      "state" : {
        "revision" : "2d14595845dada37877281adc58b14fd1fa47304",
        "version" : "2.21.2"
      }
    },
    {
      "identity" : "bxobjc",
      "kind" : "remoteSourceControl",
      "location" : "https://github.com/ByteriX/BxObjC.git",
      "state" : {
        "revision" : "4b1db825b64742f6e0b7ebc9358256c4c99abf4a",
        "version" : "1.10.1"
      }
    },
    {
      "identity" : "bxtextfield",
      "kind" : "remoteSourceControl",
      "location" : "https://github.com/ByteriX/BxTextField.git",
      "state" : {
        "revision" : "44754e3528d84046c17aa8430b888417b25481c1",
        "version" : "1.12.4"
      }
    },
    {
      "identity" : "promisekit",
      "kind" : "remoteSourceControl",
      "location" : "https://github.com/mxcl/PromiseKit.git",
      "state" : {
        "revision" : "8a98e31a47854d3180882c8068cc4d9381bf382d",
        "version" : "6.22.1"
      }
    }
  ],
  "version" : 2
}
