// !$*UTF8*$!
{
	archiveVersion = 1;
	classes = {
	};
	objectVersion = 53;
	objects = {

/* Begin PBXBuildFile section */
		C31F9CFB2A05327300BCBAF3 /* NavigationRoute.swift in Sources */ = {isa = PBXBuildFile; fileRef = C31F9CFA2A05327300BCBAF3 /* NavigationRoute.swift */; };
		C323DC9A2A4B71B900DAF283 /* WaterCounterEntity+WaterCounterViewModel.swift in Sources */ = {isa = PBXBuildFile; fileRef = C323DC992A4B71B900DAF283 /* WaterCounterEntity+WaterCounterViewModel.swift */; };
		C323DC9D2A4B765D00DAF283 /* CircularSpinner in Frameworks */ = {isa = PBXBuildFile; productRef = C323DC9C2A4B765D00DAF283 /* CircularSpinner */; };
		C323DCA02A4B76DF00DAF283 /* Realm in Frameworks */ = {isa = PBXBuildFile; productRef = C323DC9F2A4B76DF00DAF283 /* Realm */; };
		C323DCA22A4B76DF00DAF283 /* RealmSwift in Frameworks */ = {isa = PBXBuildFile; productRef = C323DCA12A4B76DF00DAF283 /* RealmSwift */; };
		C323DCA52A4B79DC00DAF283 /* BxInputController in Frameworks */ = {isa = PBXBuildFile; productRef = C323DCA42A4B79DC00DAF283 /* BxInputController */; };
		C323DCA82A4B7B3400DAF283 /* Charts in Frameworks */ = {isa = PBXBuildFile; productRef = C323DCA72A4B7B3400DAF283 /* Charts */; };
		C3242B2A2A27D06500DEE2B0 /* ProgressService.swift in Sources */ = {isa = PBXBuildFile; fileRef = C3242B292A27D06500DEE2B0 /* ProgressService.swift */; };
		C3266E9A2A77CABB00207740 /* IzumrudTests.swift in Sources */ = {isa = PBXBuildFile; fileRef = C3266E992A77CABB00207740 /* IzumrudTests.swift */; };
		C3266EA22A77CF1D00207740 /* BxCommon in Frameworks */ = {isa = PBXBuildFile; productRef = C3266EA12A77CF1D00207740 /* BxCommon */; };
		C3266EA42A77CF1D00207740 /* BxObjC in Frameworks */ = {isa = PBXBuildFile; productRef = C3266EA32A77CF1D00207740 /* BxObjC */; };
		C3266EA72A77D42E00207740 /* BxObjC in Frameworks */ = {isa = PBXBuildFile; productRef = C3266EA62A77D42E00207740 /* BxObjC */; };
		C32DDE19259F4CC80034AFD4 /* Settings.swift in Sources */ = {isa = PBXBuildFile; fileRef = C32DDE18259F4CC80034AFD4 /* Settings.swift */; };
		C379BD422A5491C000FBA494 /* iSamaraCounters in Frameworks */ = {isa = PBXBuildFile; productRef = C379BD412A5491C000FBA494 /* iSamaraCounters */; };
		C39AEA57262EC0B8000109E9 /* ContactsViewController.swift in Sources */ = {isa = PBXBuildFile; fileRef = C39AEA56262EC0B8000109E9 /* ContactsViewController.swift */; };
		C3AAFF102745991D002900DB /* UIButton.swift in Sources */ = {isa = PBXBuildFile; fileRef = C3AAFF0D2745991D002900DB /* UIButton.swift */; };
		C3AAFF112745991D002900DB /* DateFormatter.swift in Sources */ = {isa = PBXBuildFile; fileRef = C3AAFF0E2745991D002900DB /* DateFormatter.swift */; };
		C3AAFF1727459B3E002900DB /* FlatCountersDetailsController.swift in Sources */ = {isa = PBXBuildFile; fileRef = C3AAFF1627459B3E002900DB /* FlatCountersDetailsController.swift */; };
		C3AAFF1A27459E12002900DB /* HistoryTableController.swift in Sources */ = {isa = PBXBuildFile; fileRef = C3AAFF1927459E12002900DB /* HistoryTableController.swift */; };
		C3B3519B2A48DE4600345600 /* iSamaraCounters in Frameworks */ = {isa = PBXBuildFile; productRef = C3B3519A2A48DE4600345600 /* iSamaraCounters */; };
		C3EE617E2A081AB200BB3260 /* StatisticsViewController.swift in Sources */ = {isa = PBXBuildFile; fileRef = C3EE617D2A081AB200BB3260 /* StatisticsViewController.swift */; };
		E3214DC424C4B66B00872B81 /* AppDelegate.swift in Sources */ = {isa = PBXBuildFile; fileRef = E3214DC324C4B66B00872B81 /* AppDelegate.swift */; };
		E3214DCB24C4B66B00872B81 /* Main.storyboard in Resources */ = {isa = PBXBuildFile; fileRef = E3214DC924C4B66B00872B81 /* Main.storyboard */; };
		E3214DCD24C4B67100872B81 /* Assets.xcassets in Resources */ = {isa = PBXBuildFile; fileRef = E3214DCC24C4B67100872B81 /* Assets.xcassets */; };
		E3214DD024C4B67100872B81 /* LaunchScreen.storyboard in Resources */ = {isa = PBXBuildFile; fileRef = E3214DCE24C4B67100872B81 /* LaunchScreen.storyboard */; };
		E3863D5924F7BB4D00C3C0B0 /* DatabaseManager.swift in Sources */ = {isa = PBXBuildFile; fileRef = E3863D5824F7BB4D00C3C0B0 /* DatabaseManager.swift */; };
		E3863D5C24F7BDB200C3C0B0 /* FlatEntity.swift in Sources */ = {isa = PBXBuildFile; fileRef = E3863D5B24F7BDB200C3C0B0 /* FlatEntity.swift */; };
		E3863D5E24F7C05600C3C0B0 /* WaterCounterEntity.swift in Sources */ = {isa = PBXBuildFile; fileRef = E3863D5D24F7C05600C3C0B0 /* WaterCounterEntity.swift */; };
/* End PBXBuildFile section */

/* Begin PBXContainerItemProxy section */
		C3266E9B2A77CABB00207740 /* PBXContainerItemProxy */ = {
			isa = PBXContainerItemProxy;
			containerPortal = E3214DB824C4B66B00872B81 /* Project object */;
			proxyType = 1;
			remoteGlobalIDString = E3214DBF24C4B66B00872B81;
			remoteInfo = Izumrud;
		};
/* End PBXContainerItemProxy section */

/* Begin PBXFileReference section */
		C31F9CFA2A05327300BCBAF3 /* NavigationRoute.swift */ = {isa = PBXFileReference; lastKnownFileType = sourcecode.swift; path = NavigationRoute.swift; sourceTree = "<group>"; };
		C323DC992A4B71B900DAF283 /* WaterCounterEntity+WaterCounterViewModel.swift */ = {isa = PBXFileReference; lastKnownFileType = sourcecode.swift; path = "WaterCounterEntity+WaterCounterViewModel.swift"; sourceTree = "<group>"; };
		C3242B292A27D06500DEE2B0 /* ProgressService.swift */ = {isa = PBXFileReference; lastKnownFileType = sourcecode.swift; path = ProgressService.swift; sourceTree = "<group>"; };
		C3266E972A77CABB00207740 /* IzumrudTests.xctest */ = {isa = PBXFileReference; explicitFileType = wrapper.cfbundle; includeInIndex = 0; path = IzumrudTests.xctest; sourceTree = BUILT_PRODUCTS_DIR; };
		C3266E992A77CABB00207740 /* IzumrudTests.swift */ = {isa = PBXFileReference; lastKnownFileType = sourcecode.swift; path = IzumrudTests.swift; sourceTree = "<group>"; };
		C32DDE18259F4CC80034AFD4 /* Settings.swift */ = {isa = PBXFileReference; lastKnownFileType = sourcecode.swift; path = Settings.swift; sourceTree = "<group>"; };
		C339F67F29C830970095534F /* Izumrud.entitlements */ = {isa = PBXFileReference; lastKnownFileType = text.plist.entitlements; path = Izumrud.entitlements; sourceTree = "<group>"; };
		C39AEA56262EC0B8000109E9 /* ContactsViewController.swift */ = {isa = PBXFileReference; lastKnownFileType = sourcecode.swift; path = ContactsViewController.swift; sourceTree = "<group>"; };
		C3AAFF0D2745991D002900DB /* UIButton.swift */ = {isa = PBXFileReference; fileEncoding = 4; lastKnownFileType = sourcecode.swift; path = UIButton.swift; sourceTree = "<group>"; };
		C3AAFF0E2745991D002900DB /* DateFormatter.swift */ = {isa = PBXFileReference; fileEncoding = 4; lastKnownFileType = sourcecode.swift; path = DateFormatter.swift; sourceTree = "<group>"; };
		C3AAFF1627459B3E002900DB /* FlatCountersDetailsController.swift */ = {isa = PBXFileReference; fileEncoding = 4; lastKnownFileType = sourcecode.swift; path = FlatCountersDetailsController.swift; sourceTree = "<group>"; };
		C3AAFF1927459E12002900DB /* HistoryTableController.swift */ = {isa = PBXFileReference; fileEncoding = 4; lastKnownFileType = sourcecode.swift; path = HistoryTableController.swift; sourceTree = "<group>"; };
		C3E82AC52A77E3DC00A91C29 /* UnitTestPlan.xctestplan */ = {isa = PBXFileReference; lastKnownFileType = text; path = UnitTestPlan.xctestplan; sourceTree = "<group>"; };
		C3EE617D2A081AB200BB3260 /* StatisticsViewController.swift */ = {isa = PBXFileReference; lastKnownFileType = sourcecode.swift; path = StatisticsViewController.swift; sourceTree = "<group>"; };
		E3214DC024C4B66B00872B81 /* Izumrud.app */ = {isa = PBXFileReference; explicitFileType = wrapper.application; includeInIndex = 0; path = Izumrud.app; sourceTree = BUILT_PRODUCTS_DIR; };
		E3214DC324C4B66B00872B81 /* AppDelegate.swift */ = {isa = PBXFileReference; lastKnownFileType = sourcecode.swift; path = AppDelegate.swift; sourceTree = "<group>"; };
		E3214DCA24C4B66B00872B81 /* Base */ = {isa = PBXFileReference; lastKnownFileType = file.storyboard; name = Base; path = Base.lproj/Main.storyboard; sourceTree = "<group>"; };
		E3214DCC24C4B67100872B81 /* Assets.xcassets */ = {isa = PBXFileReference; lastKnownFileType = folder.assetcatalog; path = Assets.xcassets; sourceTree = "<group>"; };
		E3214DCF24C4B67100872B81 /* Base */ = {isa = PBXFileReference; lastKnownFileType = file.storyboard; name = Base; path = Base.lproj/LaunchScreen.storyboard; sourceTree = "<group>"; };
		E3214DD124C4B67100872B81 /* Info.plist */ = {isa = PBXFileReference; lastKnownFileType = text.plist.xml; path = Info.plist; sourceTree = "<group>"; };
		E3863D5824F7BB4D00C3C0B0 /* DatabaseManager.swift */ = {isa = PBXFileReference; lastKnownFileType = sourcecode.swift; path = DatabaseManager.swift; sourceTree = "<group>"; };
		E3863D5B24F7BDB200C3C0B0 /* FlatEntity.swift */ = {isa = PBXFileReference; lastKnownFileType = sourcecode.swift; path = FlatEntity.swift; sourceTree = "<group>"; };
		E3863D5D24F7C05600C3C0B0 /* WaterCounterEntity.swift */ = {isa = PBXFileReference; lastKnownFileType = sourcecode.swift; path = WaterCounterEntity.swift; sourceTree = "<group>"; };
/* End PBXFileReference section */

/* Begin PBXFrameworksBuildPhase section */
		C3266E942A77CABB00207740 /* Frameworks */ = {
			isa = PBXFrameworksBuildPhase;
			buildActionMask = 2147483647;
			files = (
				C3266EA72A77D42E00207740 /* BxObjC in Frameworks */,
			);
			runOnlyForDeploymentPostprocessing = 0;
		};
		E3214DBD24C4B66B00872B81 /* Frameworks */ = {
			isa = PBXFrameworksBuildPhase;
			buildActionMask = 2147483647;
			files = (
				C3B3519B2A48DE4600345600 /* iSamaraCounters in Frameworks */,
				C323DC9D2A4B765D00DAF283 /* CircularSpinner in Frameworks */,
				C323DCA82A4B7B3400DAF283 /* Charts in Frameworks */,
				C3266EA22A77CF1D00207740 /* BxCommon in Frameworks */,
				C323DCA02A4B76DF00DAF283 /* Realm in Frameworks */,
				C3266EA42A77CF1D00207740 /* BxObjC in Frameworks */,
				C323DCA52A4B79DC00DAF283 /* BxInputController in Frameworks */,
				C323DCA22A4B76DF00DAF283 /* RealmSwift in Frameworks */,
				C379BD422A5491C000FBA494 /* iSamaraCounters in Frameworks */,
			);
			runOnlyForDeploymentPostprocessing = 0;
		};
/* End PBXFrameworksBuildPhase section */

/* Begin PBXGroup section */
		C31F9CF72A0523FA00BCBAF3 /* Utils */ = {
			isa = PBXGroup;
			children = (
				C31F9CFA2A05327300BCBAF3 /* NavigationRoute.swift */,
				C3242B292A27D06500DEE2B0 /* ProgressService.swift */,
			);
			path = Utils;
			sourceTree = "<group>";
		};
		C3266E982A77CABB00207740 /* IzumrudTests */ = {
			isa = PBXGroup;
			children = (
				C3E82AC52A77E3DC00A91C29 /* UnitTestPlan.xctestplan */,
				C3266E992A77CABB00207740 /* IzumrudTests.swift */,
			);
			path = IzumrudTests;
			sourceTree = "<group>";
		};
		C3266EA52A77D42E00207740 /* Frameworks */ = {
			isa = PBXGroup;
			children = (
			);
			name = Frameworks;
			sourceTree = "<group>";
		};
		C39AEA47262EB878000109E9 /* Features */ = {
			isa = PBXGroup;
			children = (
				C3EE617C2A081A8F00BB3260 /* Statistics */,
				C39AEA53262EBB99000109E9 /* Contacts */,
				C39AEA4C262EBB4E000109E9 /* Counters */,
				C3AAFF1827459E12002900DB /* History */,
			);
			path = Features;
			sourceTree = "<group>";
		};
		C39AEA4C262EBB4E000109E9 /* Counters */ = {
			isa = PBXGroup;
			children = (
				C3AAFF1627459B3E002900DB /* FlatCountersDetailsController.swift */,
			);
			path = Counters;
			sourceTree = "<group>";
		};
		C39AEA53262EBB99000109E9 /* Contacts */ = {
			isa = PBXGroup;
			children = (
				C39AEA56262EC0B8000109E9 /* ContactsViewController.swift */,
			);
			path = Contacts;
			sourceTree = "<group>";
		};
		C3AAFF0B2745991D002900DB /* Extensions */ = {
			isa = PBXGroup;
			children = (
				C3AAFF0D2745991D002900DB /* UIButton.swift */,
				C3AAFF0E2745991D002900DB /* DateFormatter.swift */,
			);
			path = Extensions;
			sourceTree = "<group>";
		};
		C3AAFF1827459E12002900DB /* History */ = {
			isa = PBXGroup;
			children = (
				C3AAFF1927459E12002900DB /* HistoryTableController.swift */,
			);
			path = History;
			sourceTree = "<group>";
		};
		C3EE617C2A081A8F00BB3260 /* Statistics */ = {
			isa = PBXGroup;
			children = (
				C3EE617D2A081AB200BB3260 /* StatisticsViewController.swift */,
			);
			path = Statistics;
			sourceTree = "<group>";
		};
		E3214DB724C4B66B00872B81 = {
			isa = PBXGroup;
			children = (
				E3214DC224C4B66B00872B81 /* Izumrud */,
				C3266E982A77CABB00207740 /* IzumrudTests */,
				E3214DC124C4B66B00872B81 /* Products */,
				C3266EA52A77D42E00207740 /* Frameworks */,
			);
			sourceTree = "<group>";
		};
		E3214DC124C4B66B00872B81 /* Products */ = {
			isa = PBXGroup;
			children = (
				E3214DC024C4B66B00872B81 /* Izumrud.app */,
				C3266E972A77CABB00207740 /* IzumrudTests.xctest */,
			);
			name = Products;
			sourceTree = "<group>";
		};
		E3214DC224C4B66B00872B81 /* Izumrud */ = {
			isa = PBXGroup;
			children = (
				C339F67F29C830970095534F /* Izumrud.entitlements */,
				E3863D5724F7BB2F00C3C0B0 /* DB */,
				C31F9CF72A0523FA00BCBAF3 /* Utils */,
				C3AAFF0B2745991D002900DB /* Extensions */,
				C39AEA47262EB878000109E9 /* Features */,
				E3214DC324C4B66B00872B81 /* AppDelegate.swift */,
				E3214DC924C4B66B00872B81 /* Main.storyboard */,
				E3214DCC24C4B67100872B81 /* Assets.xcassets */,
				E3214DCE24C4B67100872B81 /* LaunchScreen.storyboard */,
				E3214DD124C4B67100872B81 /* Info.plist */,
				C32DDE18259F4CC80034AFD4 /* Settings.swift */,
			);
			path = Izumrud;
			sourceTree = "<group>";
		};
		E3863D5724F7BB2F00C3C0B0 /* DB */ = {
			isa = PBXGroup;
			children = (
				E3863D5824F7BB4D00C3C0B0 /* DatabaseManager.swift */,
				E3863D5B24F7BDB200C3C0B0 /* FlatEntity.swift */,
				E3863D5D24F7C05600C3C0B0 /* WaterCounterEntity.swift */,
				C323DC992A4B71B900DAF283 /* WaterCounterEntity+WaterCounterViewModel.swift */,
			);
			path = DB;
			sourceTree = "<group>";
		};
/* End PBXGroup section */

/* Begin PBXNativeTarget section */
		C3266E962A77CABB00207740 /* IzumrudTests */ = {
			isa = PBXNativeTarget;
			buildConfigurationList = C3266E9F2A77CABB00207740 /* Build configuration list for PBXNativeTarget "IzumrudTests" */;
			buildPhases = (
				C3266E932A77CABB00207740 /* Sources */,
				C3266E942A77CABB00207740 /* Frameworks */,
				C3266E952A77CABB00207740 /* Resources */,
			);
			buildRules = (
			);
			dependencies = (
				C3266E9C2A77CABB00207740 /* PBXTargetDependency */,
			);
			name = IzumrudTests;
			packageProductDependencies = (
				C3266EA62A77D42E00207740 /* BxObjC */,
			);
			productName = IzumrudTests;
			productReference = C3266E972A77CABB00207740 /* IzumrudTests.xctest */;
			productType = "com.apple.product-type.bundle.unit-test";
		};
		E3214DBF24C4B66B00872B81 /* Izumrud */ = {
			isa = PBXNativeTarget;
			buildConfigurationList = E3214DD424C4B67100872B81 /* Build configuration list for PBXNativeTarget "Izumrud" */;
			buildPhases = (
				E3214DBC24C4B66B00872B81 /* Sources */,
				E3214DBD24C4B66B00872B81 /* Frameworks */,
				E3214DBE24C4B66B00872B81 /* Resources */,
			);
			buildRules = (
			);
			dependencies = (
			);
			name = Izumrud;
			packageProductDependencies = (
				C3B3519A2A48DE4600345600 /* iSamaraCounters */,
				C323DC9C2A4B765D00DAF283 /* CircularSpinner */,
				C323DC9F2A4B76DF00DAF283 /* Realm */,
				C323DCA12A4B76DF00DAF283 /* RealmSwift */,
				C323DCA42A4B79DC00DAF283 /* BxInputController */,
				C323DCA72A4B7B3400DAF283 /* Charts */,
				C379BD412A5491C000FBA494 /* iSamaraCounters */,
				C3266EA12A77CF1D00207740 /* BxCommon */,
				C3266EA32A77CF1D00207740 /* BxObjC */,
			);
			productName = Izumrud;
			productReference = E3214DC024C4B66B00872B81 /* Izumrud.app */;
			productType = "com.apple.product-type.application";
		};
/* End PBXNativeTarget section */

/* Begin PBXProject section */
		E3214DB824C4B66B00872B81 /* Project object */ = {
			isa = PBXProject;
			attributes = {
				BuildIndependentTargetsInParallel = YES;
				LastSwiftUpdateCheck = 1430;
				LastUpgradeCheck = 1430;
				ORGANIZATIONNAME = Byterix;
				TargetAttributes = {
					C3266E962A77CABB00207740 = {
						CreatedOnToolsVersion = 14.3.1;
						TestTargetID = E3214DBF24C4B66B00872B81;
					};
					E3214DBF24C4B66B00872B81 = {
						CreatedOnToolsVersion = 11.5;
					};
				};
			};
			buildConfigurationList = E3214DBB24C4B66B00872B81 /* Build configuration list for PBXProject "Izumrud" */;
			compatibilityVersion = "Xcode 9.3";
			developmentRegion = en;
			hasScannedForEncodings = 0;
			knownRegions = (
				en,
				Base,
			);
			mainGroup = E3214DB724C4B66B00872B81;
			packageReferences = (
				C323DC9B2A4B765D00DAF283 /* XCRemoteSwiftPackageReference "CircularSpinner" */,
				C323DC9E2A4B76DF00DAF283 /* XCRemoteSwiftPackageReference "realm-swift" */,
				C323DCA32A4B79DC00DAF283 /* XCRemoteSwiftPackageReference "BxInputController" */,
				C323DCA62A4B7B3400DAF283 /* XCRemoteSwiftPackageReference "Charts" */,
				C379BD402A5491C000FBA494 /* XCRemoteSwiftPackageReference "iSamaraCounters" */,
				C3266EA02A77CF1D00207740 /* XCRemoteSwiftPackageReference "BxObjC" */,
			);
			productRefGroup = E3214DC124C4B66B00872B81 /* Products */;
			projectDirPath = "";
			projectRoot = "";
			targets = (
				E3214DBF24C4B66B00872B81 /* Izumrud */,
				C3266E962A77CABB00207740 /* IzumrudTests */,
			);
		};
/* End PBXProject section */

/* Begin PBXResourcesBuildPhase section */
		C3266E952A77CABB00207740 /* Resources */ = {
			isa = PBXResourcesBuildPhase;
			buildActionMask = 2147483647;
			files = (
			);
			runOnlyForDeploymentPostprocessing = 0;
		};
		E3214DBE24C4B66B00872B81 /* Resources */ = {
			isa = PBXResourcesBuildPhase;
			buildActionMask = 2147483647;
			files = (
				E3214DD024C4B67100872B81 /* LaunchScreen.storyboard in Resources */,
				E3214DCD24C4B67100872B81 /* Assets.xcassets in Resources */,
				E3214DCB24C4B66B00872B81 /* Main.storyboard in Resources */,
			);
			runOnlyForDeploymentPostprocessing = 0;
		};
/* End PBXResourcesBuildPhase section */

/* Begin PBXSourcesBuildPhase section */
		C3266E932A77CABB00207740 /* Sources */ = {
			isa = PBXSourcesBuildPhase;
			buildActionMask = 2147483647;
			files = (
				C3266E9A2A77CABB00207740 /* IzumrudTests.swift in Sources */,
			);
			runOnlyForDeploymentPostprocessing = 0;
		};
		E3214DBC24C4B66B00872B81 /* Sources */ = {
			isa = PBXSourcesBuildPhase;
			buildActionMask = 2147483647;
			files = (
				C3242B2A2A27D06500DEE2B0 /* ProgressService.swift in Sources */,
				C3AAFF102745991D002900DB /* UIButton.swift in Sources */,
				C39AEA57262EC0B8000109E9 /* ContactsViewController.swift in Sources */,
				C3EE617E2A081AB200BB3260 /* StatisticsViewController.swift in Sources */,
				C3AAFF1A27459E12002900DB /* HistoryTableController.swift in Sources */,
				E3214DC424C4B66B00872B81 /* AppDelegate.swift in Sources */,
				E3863D5924F7BB4D00C3C0B0 /* DatabaseManager.swift in Sources */,
				E3863D5E24F7C05600C3C0B0 /* WaterCounterEntity.swift in Sources */,
				C32DDE19259F4CC80034AFD4 /* Settings.swift in Sources */,
				C3AAFF1727459B3E002900DB /* FlatCountersDetailsController.swift in Sources */,
				C323DC9A2A4B71B900DAF283 /* WaterCounterEntity+WaterCounterViewModel.swift in Sources */,
				C3AAFF112745991D002900DB /* DateFormatter.swift in Sources */,
				E3863D5C24F7BDB200C3C0B0 /* FlatEntity.swift in Sources */,
				C31F9CFB2A05327300BCBAF3 /* NavigationRoute.swift in Sources */,
			);
			runOnlyForDeploymentPostprocessing = 0;
		};
/* End PBXSourcesBuildPhase section */

/* Begin PBXTargetDependency section */
		C3266E9C2A77CABB00207740 /* PBXTargetDependency */ = {
			isa = PBXTargetDependency;
			target = E3214DBF24C4B66B00872B81 /* Izumrud */;
			targetProxy = C3266E9B2A77CABB00207740 /* PBXContainerItemProxy */;
		};
/* End PBXTargetDependency section */

/* Begin PBXVariantGroup section */
		E3214DC924C4B66B00872B81 /* Main.storyboard */ = {
			isa = PBXVariantGroup;
			children = (
				E3214DCA24C4B66B00872B81 /* Base */,
			);
			name = Main.storyboard;
			sourceTree = "<group>";
		};
		E3214DCE24C4B67100872B81 /* LaunchScreen.storyboard */ = {
			isa = PBXVariantGroup;
			children = (
				E3214DCF24C4B67100872B81 /* Base */,
			);
			name = LaunchScreen.storyboard;
			sourceTree = "<group>";
		};
/* End PBXVariantGroup section */

/* Begin XCBuildConfiguration section */
		C3266E9D2A77CABB00207740 /* Debug */ = {
			isa = XCBuildConfiguration;
			buildSettings = {
				BUNDLE_LOADER = "$(TEST_HOST)";
				CLANG_CXX_LANGUAGE_STANDARD = "gnu++20";
				CODE_SIGN_STYLE = Automatic;
				CURRENT_PROJECT_VERSION = 1;
				DEVELOPMENT_TEAM = S3KMV5BF4H;
				GENERATE_INFOPLIST_FILE = YES;
				IPHONEOS_DEPLOYMENT_TARGET = 15.0;
				MARKETING_VERSION = 1.0;
				PRODUCT_BUNDLE_IDENTIFIER = Byterix.IzumrudTests;
				PRODUCT_NAME = "$(TARGET_NAME)";
				SWIFT_EMIT_LOC_STRINGS = NO;
				SWIFT_VERSION = 5.0;
				TARGETED_DEVICE_FAMILY = "1,2";
				TEST_HOST = "$(BUILT_PRODUCTS_DIR)/Izumrud.app/$(BUNDLE_EXECUTABLE_FOLDER_PATH)/Izumrud";
			};
			name = Debug;
		};
		C3266E9E2A77CABB00207740 /* Release */ = {
			isa = XCBuildConfiguration;
			buildSettings = {
				BUNDLE_LOADER = "$(TEST_HOST)";
				CLANG_CXX_LANGUAGE_STANDARD = "gnu++20";
				CODE_SIGN_STYLE = Automatic;
				CURRENT_PROJECT_VERSION = 1;
				DEVELOPMENT_TEAM = S3KMV5BF4H;
				GENERATE_INFOPLIST_FILE = YES;
				IPHONEOS_DEPLOYMENT_TARGET = 15.0;
				MARKETING_VERSION = 1.0;
				PRODUCT_BUNDLE_IDENTIFIER = Byterix.IzumrudTests;
				PRODUCT_NAME = "$(TARGET_NAME)";
				SWIFT_EMIT_LOC_STRINGS = NO;
				SWIFT_VERSION = 5.0;
				TARGETED_DEVICE_FAMILY = "1,2";
				TEST_HOST = "$(BUILT_PRODUCTS_DIR)/Izumrud.app/$(BUNDLE_EXECUTABLE_FOLDER_PATH)/Izumrud";
			};
			name = Release;
		};
		E3214DD224C4B67100872B81 /* Debug */ = {
			isa = XCBuildConfiguration;
			buildSettings = {
				ALWAYS_SEARCH_USER_PATHS = NO;
				CLANG_ANALYZER_NONNULL = YES;
				CLANG_ANALYZER_NUMBER_OBJECT_CONVERSION = YES_AGGRESSIVE;
				CLANG_CXX_LANGUAGE_STANDARD = "gnu++14";
				CLANG_CXX_LIBRARY = "libc++";
				CLANG_ENABLE_MODULES = YES;
				CLANG_ENABLE_OBJC_ARC = YES;
				CLANG_ENABLE_OBJC_WEAK = YES;
				CLANG_WARN_BLOCK_CAPTURE_AUTORELEASING = YES;
				CLANG_WARN_BOOL_CONVERSION = YES;
				CLANG_WARN_COMMA = YES;
				CLANG_WARN_CONSTANT_CONVERSION = YES;
				CLANG_WARN_DEPRECATED_OBJC_IMPLEMENTATIONS = YES;
				CLANG_WARN_DIRECT_OBJC_ISA_USAGE = YES_ERROR;
				CLANG_WARN_DOCUMENTATION_COMMENTS = YES;
				CLANG_WARN_EMPTY_BODY = YES;
				CLANG_WARN_ENUM_CONVERSION = YES;
				CLANG_WARN_INFINITE_RECURSION = YES;
				CLANG_WARN_INT_CONVERSION = YES;
				CLANG_WARN_NON_LITERAL_NULL_CONVERSION = YES;
				CLANG_WARN_OBJC_IMPLICIT_RETAIN_SELF = YES;
				CLANG_WARN_OBJC_LITERAL_CONVERSION = YES;
				CLANG_WARN_OBJC_ROOT_CLASS = YES_ERROR;
				CLANG_WARN_QUOTED_INCLUDE_IN_FRAMEWORK_HEADER = YES;
				CLANG_WARN_RANGE_LOOP_ANALYSIS = YES;
				CLANG_WARN_STRICT_PROTOTYPES = YES;
				CLANG_WARN_SUSPICIOUS_MOVE = YES;
				CLANG_WARN_UNGUARDED_AVAILABILITY = YES_AGGRESSIVE;
				CLANG_WARN_UNREACHABLE_CODE = YES;
				CLANG_WARN__DUPLICATE_METHOD_MATCH = YES;
				COPY_PHASE_STRIP = NO;
				DEBUG_INFORMATION_FORMAT = dwarf;
				ENABLE_STRICT_OBJC_MSGSEND = YES;
				ENABLE_TESTABILITY = YES;
				GCC_C_LANGUAGE_STANDARD = gnu11;
				GCC_DYNAMIC_NO_PIC = NO;
				GCC_NO_COMMON_BLOCKS = YES;
				GCC_OPTIMIZATION_LEVEL = 0;
				GCC_PREPROCESSOR_DEFINITIONS = (
					"DEBUG=1",
					"$(inherited)",
				);
				GCC_WARN_64_TO_32_BIT_CONVERSION = YES;
				GCC_WARN_ABOUT_RETURN_TYPE = YES_ERROR;
				GCC_WARN_UNDECLARED_SELECTOR = YES;
				GCC_WARN_UNINITIALIZED_AUTOS = YES_AGGRESSIVE;
				GCC_WARN_UNUSED_FUNCTION = YES;
				GCC_WARN_UNUSED_VARIABLE = YES;
				IPHONEOS_DEPLOYMENT_TARGET = 11.0;
				MTL_ENABLE_DEBUG_INFO = INCLUDE_SOURCE;
				MTL_FAST_MATH = YES;
				ONLY_ACTIVE_ARCH = YES;
				SDKROOT = iphoneos;
				SWIFT_ACTIVE_COMPILATION_CONDITIONS = DEBUG;
				SWIFT_OPTIMIZATION_LEVEL = "-Onone";
			};
			name = Debug;
		};
		E3214DD324C4B67100872B81 /* Release */ = {
			isa = XCBuildConfiguration;
			buildSettings = {
				ALWAYS_SEARCH_USER_PATHS = NO;
				CLANG_ANALYZER_NONNULL = YES;
				CLANG_ANALYZER_NUMBER_OBJECT_CONVERSION = YES_AGGRESSIVE;
				CLANG_CXX_LANGUAGE_STANDARD = "gnu++14";
				CLANG_CXX_LIBRARY = "libc++";
				CLANG_ENABLE_MODULES = YES;
				CLANG_ENABLE_OBJC_ARC = YES;
				CLANG_ENABLE_OBJC_WEAK = YES;
				CLANG_WARN_BLOCK_CAPTURE_AUTORELEASING = YES;
				CLANG_WARN_BOOL_CONVERSION = YES;
				CLANG_WARN_COMMA = YES;
				CLANG_WARN_CONSTANT_CONVERSION = YES;
				CLANG_WARN_DEPRECATED_OBJC_IMPLEMENTATIONS = YES;
				CLANG_WARN_DIRECT_OBJC_ISA_USAGE = YES_ERROR;
				CLANG_WARN_DOCUMENTATION_COMMENTS = YES;
				CLANG_WARN_EMPTY_BODY = YES;
				CLANG_WARN_ENUM_CONVERSION = YES;
				CLANG_WARN_INFINITE_RECURSION = YES;
				CLANG_WARN_INT_CONVERSION = YES;
				CLANG_WARN_NON_LITERAL_NULL_CONVERSION = YES;
				CLANG_WARN_OBJC_IMPLICIT_RETAIN_SELF = YES;
				CLANG_WARN_OBJC_LITERAL_CONVERSION = YES;
				CLANG_WARN_OBJC_ROOT_CLASS = YES_ERROR;
				CLANG_WARN_QUOTED_INCLUDE_IN_FRAMEWORK_HEADER = YES;
				CLANG_WARN_RANGE_LOOP_ANALYSIS = YES;
				CLANG_WARN_STRICT_PROTOTYPES = YES;
				CLANG_WARN_SUSPICIOUS_MOVE = YES;
				CLANG_WARN_UNGUARDED_AVAILABILITY = YES_AGGRESSIVE;
				CLANG_WARN_UNREACHABLE_CODE = YES;
				CLANG_WARN__DUPLICATE_METHOD_MATCH = YES;
				COPY_PHASE_STRIP = NO;
				DEBUG_INFORMATION_FORMAT = "dwarf-with-dsym";
				ENABLE_NS_ASSERTIONS = NO;
				ENABLE_STRICT_OBJC_MSGSEND = YES;
				GCC_C_LANGUAGE_STANDARD = gnu11;
				GCC_NO_COMMON_BLOCKS = YES;
				GCC_WARN_64_TO_32_BIT_CONVERSION = YES;
				GCC_WARN_ABOUT_RETURN_TYPE = YES_ERROR;
				GCC_WARN_UNDECLARED_SELECTOR = YES;
				GCC_WARN_UNINITIALIZED_AUTOS = YES_AGGRESSIVE;
				GCC_WARN_UNUSED_FUNCTION = YES;
				GCC_WARN_UNUSED_VARIABLE = YES;
				IPHONEOS_DEPLOYMENT_TARGET = 11.0;
				MTL_ENABLE_DEBUG_INFO = NO;
				MTL_FAST_MATH = YES;
				SDKROOT = iphoneos;
				SWIFT_COMPILATION_MODE = wholemodule;
				SWIFT_OPTIMIZATION_LEVEL = "-O";
				VALIDATE_PRODUCT = YES;
			};
			name = Release;
		};
		E3214DD524C4B67100872B81 /* Debug */ = {
			isa = XCBuildConfiguration;
			buildSettings = {
				ASSETCATALOG_COMPILER_APPICON_NAME = AppIcon;
				CODE_SIGN_ENTITLEMENTS = Izumrud/Izumrud.entitlements;
				CODE_SIGN_IDENTITY = "Apple Development";
				CODE_SIGN_STYLE = Automatic;
				CURRENT_PROJECT_VERSION = 2;
				DEVELOPMENT_TEAM = FDK83T8QNS;
				INFOPLIST_FILE = Izumrud/Info.plist;
				LD_RUNPATH_SEARCH_PATHS = (
					"$(inherited)",
					"@executable_path/Frameworks",
				);
				MARKETING_VERSION = 1.5;
				PRODUCT_BUNDLE_IDENTIFIER = com.byterix.izumrud;
				PRODUCT_NAME = Izumrud;
				PROVISIONING_PROFILE_SPECIFIER = "";
				SWIFT_VERSION = 5.0;
				TARGETED_DEVICE_FAMILY = 1;
			};
			name = Debug;
		};
		E3214DD624C4B67100872B81 /* Release */ = {
			isa = XCBuildConfiguration;
			buildSettings = {
				ASSETCATALOG_COMPILER_APPICON_NAME = AppIcon;
				CODE_SIGN_ENTITLEMENTS = Izumrud/Izumrud.entitlements;
				CODE_SIGN_IDENTITY = "Apple Development";
				CODE_SIGN_STYLE = Automatic;
				CURRENT_PROJECT_VERSION = 2;
				DEVELOPMENT_TEAM = FDK83T8QNS;
				INFOPLIST_FILE = Izumrud/Info.plist;
				LD_RUNPATH_SEARCH_PATHS = (
					"$(inherited)",
					"@executable_path/Frameworks",
				);
				MARKETING_VERSION = 1.5;
				PRODUCT_BUNDLE_IDENTIFIER = com.byterix.izumrud;
				PRODUCT_NAME = Izumrud;
				PROVISIONING_PROFILE_SPECIFIER = "";
				SWIFT_VERSION = 5.0;
				TARGETED_DEVICE_FAMILY = 1;
			};
			name = Release;
		};
/* End XCBuildConfiguration section */

/* Begin XCConfigurationList section */
		C3266E9F2A77CABB00207740 /* Build configuration list for PBXNativeTarget "IzumrudTests" */ = {
			isa = XCConfigurationList;
			buildConfigurations = (
				C3266E9D2A77CABB00207740 /* Debug */,
				C3266E9E2A77CABB00207740 /* Release */,
			);
			defaultConfigurationIsVisible = 0;
			defaultConfigurationName = Release;
		};
		E3214DBB24C4B66B00872B81 /* Build configuration list for PBXProject "Izumrud" */ = {
			isa = XCConfigurationList;
			buildConfigurations = (
				E3214DD224C4B67100872B81 /* Debug */,
				E3214DD324C4B67100872B81 /* Release */,
			);
			defaultConfigurationIsVisible = 0;
			defaultConfigurationName = Release;
		};
		E3214DD424C4B67100872B81 /* Build configuration list for PBXNativeTarget "Izumrud" */ = {
			isa = XCConfigurationList;
			buildConfigurations = (
				E3214DD524C4B67100872B81 /* Debug */,
				E3214DD624C4B67100872B81 /* Release */,
			);
			defaultConfigurationIsVisible = 0;
			defaultConfigurationName = Release;
		};
/* End XCConfigurationList section */

/* Begin XCRemoteSwiftPackageReference section */
		C323DC9B2A4B765D00DAF283 /* XCRemoteSwiftPackageReference "CircularSpinner" */ = {
			isa = XCRemoteSwiftPackageReference;
			repositoryURL = "https://github.com/ByteriX/CircularSpinner.git";
			requirement = {
				kind = upToNextMajorVersion;
				minimumVersion = 1.0.0;
			};
		};
		C323DC9E2A4B76DF00DAF283 /* XCRemoteSwiftPackageReference "realm-swift" */ = {
			isa = XCRemoteSwiftPackageReference;
			repositoryURL = "https://github.com/realm/realm-swift.git";
			requirement = {
				branch = master;
				kind = branch;
			};
		};
		C323DCA32A4B79DC00DAF283 /* XCRemoteSwiftPackageReference "BxInputController" */ = {
			isa = XCRemoteSwiftPackageReference;
			repositoryURL = "https://github.com/ByteriX/BxInputController.git";
			requirement = {
				branch = master;
				kind = branch;
			};
		};
		C323DCA62A4B7B3400DAF283 /* XCRemoteSwiftPackageReference "Charts" */ = {
			isa = XCRemoteSwiftPackageReference;
			repositoryURL = "https://github.com/corteggo/Charts";
			requirement = {
				kind = upToNextMajorVersion;
				minimumVersion = 3.0.0;
			};
		};
		C3266EA02A77CF1D00207740 /* XCRemoteSwiftPackageReference "BxObjC" */ = {
			isa = XCRemoteSwiftPackageReference;
			repositoryURL = "https://github.com/ByteriX/BxObjC.git";
			requirement = {
				branch = master;
				kind = branch;
			};
		};
		C379BD402A5491C000FBA494 /* XCRemoteSwiftPackageReference "iSamaraCounters" */ = {
			isa = XCRemoteSwiftPackageReference;
			repositoryURL = "https://github.com/sofbix/iSamaraCounters.git";
			requirement = {
				branch = main;
				kind = branch;
			};
		};
/* End XCRemoteSwiftPackageReference section */

/* Begin XCSwiftPackageProductDependency section */
		C323DC9C2A4B765D00DAF283 /* CircularSpinner */ = {
			isa = XCSwiftPackageProductDependency;
			package = C323DC9B2A4B765D00DAF283 /* XCRemoteSwiftPackageReference "CircularSpinner" */;
			productName = CircularSpinner;
		};
		C323DC9F2A4B76DF00DAF283 /* Realm */ = {
			isa = XCSwiftPackageProductDependency;
			package = C323DC9E2A4B76DF00DAF283 /* XCRemoteSwiftPackageReference "realm-swift" */;
			productName = Realm;
		};
		C323DCA12A4B76DF00DAF283 /* RealmSwift */ = {
			isa = XCSwiftPackageProductDependency;
			package = C323DC9E2A4B76DF00DAF283 /* XCRemoteSwiftPackageReference "realm-swift" */;
			productName = RealmSwift;
		};
		C323DCA42A4B79DC00DAF283 /* BxInputController */ = {
			isa = XCSwiftPackageProductDependency;
			package = C323DCA32A4B79DC00DAF283 /* XCRemoteSwiftPackageReference "BxInputController" */;
			productName = BxInputController;
		};
		C323DCA72A4B7B3400DAF283 /* Charts */ = {
			isa = XCSwiftPackageProductDependency;
			package = C323DCA62A4B7B3400DAF283 /* XCRemoteSwiftPackageReference "Charts" */;
			productName = Charts;
		};
		C3266EA12A77CF1D00207740 /* BxCommon */ = {
			isa = XCSwiftPackageProductDependency;
			package = C3266EA02A77CF1D00207740 /* XCRemoteSwiftPackageReference "BxObjC" */;
			productName = BxCommon;
		};
		C3266EA32A77CF1D00207740 /* BxObjC */ = {
			isa = XCSwiftPackageProductDependency;
			package = C3266EA02A77CF1D00207740 /* XCRemoteSwiftPackageReference "BxObjC" */;
			productName = BxObjC;
		};
		C3266EA62A77D42E00207740 /* BxObjC */ = {
			isa = XCSwiftPackageProductDependency;
			package = C3266EA02A77CF1D00207740 /* XCRemoteSwiftPackageReference "BxObjC" */;
			productName = BxObjC;
		};
		C379BD412A5491C000FBA494 /* iSamaraCounters */ = {
			isa = XCSwiftPackageProductDependency;
			package = C379BD402A5491C000FBA494 /* XCRemoteSwiftPackageReference "iSamaraCounters" */;
			productName = iSamaraCounters;
		};
		C3B3519A2A48DE4600345600 /* iSamaraCounters */ = {
			isa = XCSwiftPackageProductDependency;
			productName = iSamaraCounters;
		};
/* End XCSwiftPackageProductDependency section */
	};
	rootObject = E3214DB824C4B66B00872B81 /* Project object */;
}
